
Microsoft Visual Studio Solution File, Format Version 12.00
# Visual Studio 14
VisualStudioVersion = 14.0.25420.1
MinimumVisualStudioVersion = 10.0.40219.1
Project("{2150E333-8FDC-42A3-9474-1A3956D46DE8}") = "General", "General", "{942C28E6-22AE-402F-AAF3-C936AC252164}"
	ProjectSection(SolutionItems) = preProject
		AssemblyInfo.cs = AssemblyInfo.cs
		readme.txt = readme.txt
	EndProjectSection
EndProject
Project("{2150E333-8FDC-42A3-9474-1A3956D46DE8}") = "Lumos", "Lumos", "{B7FB5067-15AE-4A89-83B5-47314967E6CC}"
EndProject
Project("{2150E333-8FDC-42A3-9474-1A3956D46DE8}") = "UI", "UI", "{3C8179FC-093D-45D3-A92F-4AB64C2C8A81}"
EndProject
Project("{2150E333-8FDC-42A3-9474-1A3956D46DE8}") = "Console", "Console", "{C4D00A02-7646-4B0F-A1E8-6E32EECA404A}"
EndProject
Project("{2150E333-8FDC-42A3-9474-1A3956D46DE8}") = "Test", "Test", "{6521CF52-B160-45A7-A185-FB3BCE4A34D2}"
EndProject
Project("{2150E333-8FDC-42A3-9474-1A3956D46DE8}") = "WebSite", "WebSite", "{C8075FA3-87E2-4ECC-A24D-D62589930D31}"
EndProject
Project("{2150E333-8FDC-42A3-9474-1A3956D46DE8}") = "WebApi", "WebApi", "{C047BCCF-A7DF-4681-BF16-2906BE120657}"
EndProject
Project("{FAE04EC0-301F-11D3-BF4B-00C04F79EFBC}") = "Lumos", "Lumos\Lumos.csproj", "{27883666-32AA-447F-AA1F-6128B76FBEE8}"
EndProject
Project("{FAE04EC0-301F-11D3-BF4B-00C04F79EFBC}") = "Lumos.Web", "Lumos.Web\Lumos.Web.csproj", "{ED113AD7-1B20-4B05-8961-9B701E51734C}"
EndProject
Project("{2150E333-8FDC-42A3-9474-1A3956D46DE8}") = "LocalS", "LocalS", "{3C33BCBA-2B37-4284-9886-980DD13A87FE}"
EndProject
Project("{FAE04EC0-301F-11D3-BF4B-00C04F79EFBC}") = "LocalS.BLL", "LocalS.BLL\LocalS.BLL.csproj", "{15D7CE8C-A100-4D87-A1C2-D76339E78AD6}"
EndProject
Project("{FAE04EC0-301F-11D3-BF4B-00C04F79EFBC}") = "LocalS.DAL", "LocalS.DAL\LocalS.DAL.csproj", "{22ABB57B-64ED-42FC-A64D-D603A90CB81B}"
EndProject
Project("{FAE04EC0-301F-11D3-BF4B-00C04F79EFBC}") = "LocalS.Entity", "LocalS.Entity\LocalS.Entity.csproj", "{85E1B9CD-3435-4591-BC66-29FBEC2C67A3}"
EndProject
Project("{FAE04EC0-301F-11D3-BF4B-00C04F79EFBC}") = "LocalS.Service", "LocalS.Service\LocalS.Service.csproj", "{6EFDE80B-7C86-483A-A7B2-73DBA84D28CD}"
EndProject
Project("{FAE04EC0-301F-11D3-BF4B-00C04F79EFBC}") = "Lumos.DbRelay", "Lumos.DAL\Lumos.DbRelay.csproj", "{0E039414-2A2E-48B4-8DB7-C4346106FA68}"
EndProject
Project("{2150E333-8FDC-42A3-9474-1A3956D46DE8}") = "SDK", "SDK", "{3BCB9416-6758-434E-9F81-67AE6DB4E087}"
EndProject
Project("{FAE04EC0-301F-11D3-BF4B-00C04F79EFBC}") = "Test", "Test\Test.csproj", "{88868FE1-D3D6-4EA1-BD97-27CB5859C00A}"
EndProject
Project("{FAE04EC0-301F-11D3-BF4B-00C04F79EFBC}") = "MyWeiXinSdk", "WeiXinSdk\MyWeiXinSdk.csproj", "{636311A8-0485-4953-841E-35CA27EEA436}"
EndProject
Project("{FAE04EC0-301F-11D3-BF4B-00C04F79EFBC}") = "Lumos.Redis", "Lumos.Redis\Lumos.Redis.csproj", "{C165E6A0-DD43-4AA1-94B1-D4BF5420A80D}"
EndProject
Project("{FAE04EC0-301F-11D3-BF4B-00C04F79EFBC}") = "Lumos.Session", "Lumos.Session\Lumos.Session.csproj", "{D2F78AE2-3125-44B8-8629-EC3C5BC6C46B}"
EndProject
Project("{FAE04EC0-301F-11D3-BF4B-00C04F79EFBC}") = "WebApiAccount", "WebApiAccount\WebApiAccount.csproj", "{CD504748-DFA0-4EFB-8311-FE5317887AAA}"
EndProject
Project("{FAE04EC0-301F-11D3-BF4B-00C04F79EFBC}") = "WebApiAdmin", "WebApiAdmin\WebApiAdmin.csproj", "{8BB39397-61EC-4A0C-B525-F8F077491564}"
EndProject
Project("{FAE04EC0-301F-11D3-BF4B-00C04F79EFBC}") = "WebApiMerch", "WebApiMerch\WebApiMerch.csproj", "{5634EE61-8DA3-4345-A3EB-FBF5EC89E913}"
EndProject
Project("{FAE04EC0-301F-11D3-BF4B-00C04F79EFBC}") = "ConsoleTest", "ConsoleTest\ConsoleTest.csproj", "{1317C932-E16C-47E8-A2E3-2A0F881AE42D}"
EndProject
Project("{FAE04EC0-301F-11D3-BF4B-00C04F79EFBC}") = "WebApiStoreApp", "WebApiStoreApp\WebApiStoreApp.csproj", "{35113A75-CF4B-4EF7-8444-1E3C6F9D61C9}"
EndProject
Project("{FAE04EC0-301F-11D3-BF4B-00C04F79EFBC}") = "WebApiStoreTerm", "WebApiStoreTerm\WebApiStoreTerm.csproj", "{EBEC6AEF-5054-4A01-B516-42148A4F0858}"
EndProject
Project("{FAE04EC0-301F-11D3-BF4B-00C04F79EFBC}") = "Task4Mq2Global", "Task4Mq2Global\Task4Mq2Global.csproj", "{07512FBE-69F4-44E3-B2C7-812992040930}"
EndProject
Project("{FAE04EC0-301F-11D3-BF4B-00C04F79EFBC}") = "Task4Tim2Global", "Task4Tim2Global\Task4Tim2Global.csproj", "{3D5A935D-8563-4535-BE9F-701E068A6897}"
EndProject
Project("{FAE04EC0-301F-11D3-BF4B-00C04F79EFBC}") = "MyAlipaySdk", "AlipaySdk\MyAlipaySdk.csproj", "{28D06C14-41ED-4D4C-A221-D7B3A785640E}"
EndProject
Project("{FAE04EC0-301F-11D3-BF4B-00C04F79EFBC}") = "AopSdk", "alipay-sdk-NET20161213174056\AopSdk.csproj", "{9C11CAE5-5188-4E71-825B-68FC3135728A}"
EndProject
Project("{FAE04EC0-301F-11D3-BF4B-00C04F79EFBC}") = "WebUploadServer", "WebUploadServer\WebUploadServer.csproj", "{DC473934-369D-4808-9454-C22456F6D9A7}"
EndProject
Project("{FAE04EC0-301F-11D3-BF4B-00C04F79EFBC}") = "MyPushSdk", "MyPushSdk\MyPushSdk.csproj", "{EC691C59-681A-405E-93CB-4FE65D1A3DB4}"
EndProject
Project("{FAE04EC0-301F-11D3-BF4B-00C04F79EFBC}") = "TestKafkaProducer", "TestKafkaProducer\TestKafkaProducer.csproj", "{ADF5736D-21F9-423A-8C88-B5E8A309B797}"
EndProject
Project("{FAE04EC0-301F-11D3-BF4B-00C04F79EFBC}") = "TestKafkaConsumer", "TestKafkaConsumer\TestKafkaConsumer.csproj", "{D5A77DBE-0CB3-44F7-939D-B54A497B7EF5}"
EndProject
Project("{FAE04EC0-301F-11D3-BF4B-00C04F79EFBC}") = "TestWeiDun", "TestWeiDun\TestWeiDun.csproj", "{B20AB3A3-42E1-4B4E-8EB1-E29E86C41529}"
EndProject
Project("{FAE04EC0-301F-11D3-BF4B-00C04F79EFBC}") = "XrtPaySdk", "XrtPaySdk\XrtPaySdk.csproj", "{27871C52-CACA-4ECA-BBA8-6866022C8D91}"
EndProject
Project("{FAE04EC0-301F-11D3-BF4B-00C04F79EFBC}") = "TgPaySdk", "TgPaySdk\TgPaySdk.csproj", "{259E83DA-5441-4911-B284-D524201329FC}"
EndProject
Project("{FAE04EC0-301F-11D3-BF4B-00C04F79EFBC}") = "EasemobSdk", "EasemobSdk\EasemobSdk.csproj", "{86FCA40D-88CD-4CA0-8218-107704CA76FD}"
EndProject
Project("{FAE04EC0-301F-11D3-BF4B-00C04F79EFBC}") = "WebApiStoreSvcChat", "WebApiStoreSvcChat\WebApiStoreSvcChat.csproj", "{267D89D9-E18D-401E-885C-27DB42D257F3}"
EndProject
Project("{FAE04EC0-301F-11D3-BF4B-00C04F79EFBC}") = "TestMQTTnet", "TestMQTTnet\TestMQTTnet.csproj", "{D9937EA4-955F-41ED-B032-6D0961DC0322}"
EndProject
Project("{FAE04EC0-301F-11D3-BF4B-00C04F79EFBC}") = "Task4Mqtt2Machine", "Task4Mqtt2Machine\Task4Mqtt2Machine.csproj", "{1EA1FEEA-CCD8-419A-B143-A8311DC8A1E1}"
EndProject
Project("{FAE04EC0-301F-11D3-BF4B-00C04F79EFBC}") = "TestSlopeOne", "TestSlopeOne\TestSlopeOne.csproj", "{134EAA41-F2FE-498C-ABA4-AFDBD749FBB7}"
EndProject
Project("{FAE04EC0-301F-11D3-BF4B-00C04F79EFBC}") = "SenvivSdk", "SenvivSdk\SenvivSdk.csproj", "{5D319FE7-2758-4A61-99DF-FDF033AD4A8B}"
EndProject
Global
	GlobalSection(SolutionConfigurationPlatforms) = preSolution
		Debug|Any CPU = Debug|Any CPU
		Debug|x64 = Debug|x64
		Debug|x86 = Debug|x86
		Release|Any CPU = Release|Any CPU
		Release|x64 = Release|x64
		Release|x86 = Release|x86
	EndGlobalSection
	GlobalSection(ProjectConfigurationPlatforms) = postSolution
		{27883666-32AA-447F-AA1F-6128B76FBEE8}.Debug|Any CPU.ActiveCfg = Debug|Any CPU
		{27883666-32AA-447F-AA1F-6128B76FBEE8}.Debug|Any CPU.Build.0 = Debug|Any CPU
		{27883666-32AA-447F-AA1F-6128B76FBEE8}.Debug|x64.ActiveCfg = Debug|Any CPU
		{27883666-32AA-447F-AA1F-6128B76FBEE8}.Debug|x64.Build.0 = Debug|Any CPU
		{27883666-32AA-447F-AA1F-6128B76FBEE8}.Debug|x86.ActiveCfg = Debug|Any CPU
		{27883666-32AA-447F-AA1F-6128B76FBEE8}.Debug|x86.Build.0 = Debug|Any CPU
		{27883666-32AA-447F-AA1F-6128B76FBEE8}.Release|Any CPU.ActiveCfg = Release|Any CPU
		{27883666-32AA-447F-AA1F-6128B76FBEE8}.Release|Any CPU.Build.0 = Release|Any CPU
		{27883666-32AA-447F-AA1F-6128B76FBEE8}.Release|x64.ActiveCfg = Release|Any CPU
		{27883666-32AA-447F-AA1F-6128B76FBEE8}.Release|x64.Build.0 = Release|Any CPU
		{27883666-32AA-447F-AA1F-6128B76FBEE8}.Release|x86.ActiveCfg = Release|Any CPU
		{27883666-32AA-447F-AA1F-6128B76FBEE8}.Release|x86.Build.0 = Release|Any CPU
		{ED113AD7-1B20-4B05-8961-9B701E51734C}.Debug|Any CPU.ActiveCfg = Debug|Any CPU
		{ED113AD7-1B20-4B05-8961-9B701E51734C}.Debug|Any CPU.Build.0 = Debug|Any CPU
		{ED113AD7-1B20-4B05-8961-9B701E51734C}.Debug|x64.ActiveCfg = Debug|Any CPU
		{ED113AD7-1B20-4B05-8961-9B701E51734C}.Debug|x64.Build.0 = Debug|Any CPU
		{ED113AD7-1B20-4B05-8961-9B701E51734C}.Debug|x86.ActiveCfg = Debug|Any CPU
		{ED113AD7-1B20-4B05-8961-9B701E51734C}.Debug|x86.Build.0 = Debug|Any CPU
		{ED113AD7-1B20-4B05-8961-9B701E51734C}.Release|Any CPU.ActiveCfg = Release|Any CPU
		{ED113AD7-1B20-4B05-8961-9B701E51734C}.Release|Any CPU.Build.0 = Release|Any CPU
		{ED113AD7-1B20-4B05-8961-9B701E51734C}.Release|x64.ActiveCfg = Release|Any CPU
		{ED113AD7-1B20-4B05-8961-9B701E51734C}.Release|x64.Build.0 = Release|Any CPU
		{ED113AD7-1B20-4B05-8961-9B701E51734C}.Release|x86.ActiveCfg = Release|Any CPU
		{ED113AD7-1B20-4B05-8961-9B701E51734C}.Release|x86.Build.0 = Release|Any CPU
		{15D7CE8C-A100-4D87-A1C2-D76339E78AD6}.Debug|Any CPU.ActiveCfg = Debug|Any CPU
		{15D7CE8C-A100-4D87-A1C2-D76339E78AD6}.Debug|Any CPU.Build.0 = Debug|Any CPU
		{15D7CE8C-A100-4D87-A1C2-D76339E78AD6}.Debug|x64.ActiveCfg = Debug|Any CPU
		{15D7CE8C-A100-4D87-A1C2-D76339E78AD6}.Debug|x64.Build.0 = Debug|Any CPU
		{15D7CE8C-A100-4D87-A1C2-D76339E78AD6}.Debug|x86.ActiveCfg = Debug|Any CPU
		{15D7CE8C-A100-4D87-A1C2-D76339E78AD6}.Debug|x86.Build.0 = Debug|Any CPU
		{15D7CE8C-A100-4D87-A1C2-D76339E78AD6}.Release|Any CPU.ActiveCfg = Release|Any CPU
		{15D7CE8C-A100-4D87-A1C2-D76339E78AD6}.Release|Any CPU.Build.0 = Release|Any CPU
		{15D7CE8C-A100-4D87-A1C2-D76339E78AD6}.Release|x64.ActiveCfg = Release|Any CPU
		{15D7CE8C-A100-4D87-A1C2-D76339E78AD6}.Release|x64.Build.0 = Release|Any CPU
		{15D7CE8C-A100-4D87-A1C2-D76339E78AD6}.Release|x86.ActiveCfg = Release|Any CPU
		{15D7CE8C-A100-4D87-A1C2-D76339E78AD6}.Release|x86.Build.0 = Release|Any CPU
		{22ABB57B-64ED-42FC-A64D-D603A90CB81B}.Debug|Any CPU.ActiveCfg = Debug|Any CPU
		{22ABB57B-64ED-42FC-A64D-D603A90CB81B}.Debug|Any CPU.Build.0 = Debug|Any CPU
		{22ABB57B-64ED-42FC-A64D-D603A90CB81B}.Debug|x64.ActiveCfg = Debug|Any CPU
		{22ABB57B-64ED-42FC-A64D-D603A90CB81B}.Debug|x64.Build.0 = Debug|Any CPU
		{22ABB57B-64ED-42FC-A64D-D603A90CB81B}.Debug|x86.ActiveCfg = Debug|Any CPU
		{22ABB57B-64ED-42FC-A64D-D603A90CB81B}.Debug|x86.Build.0 = Debug|Any CPU
		{22ABB57B-64ED-42FC-A64D-D603A90CB81B}.Release|Any CPU.ActiveCfg = Release|Any CPU
		{22ABB57B-64ED-42FC-A64D-D603A90CB81B}.Release|Any CPU.Build.0 = Release|Any CPU
		{22ABB57B-64ED-42FC-A64D-D603A90CB81B}.Release|x64.ActiveCfg = Release|Any CPU
		{22ABB57B-64ED-42FC-A64D-D603A90CB81B}.Release|x64.Build.0 = Release|Any CPU
		{22ABB57B-64ED-42FC-A64D-D603A90CB81B}.Release|x86.ActiveCfg = Release|Any CPU
		{22ABB57B-64ED-42FC-A64D-D603A90CB81B}.Release|x86.Build.0 = Release|Any CPU
		{85E1B9CD-3435-4591-BC66-29FBEC2C67A3}.Debug|Any CPU.ActiveCfg = Debug|Any CPU
		{85E1B9CD-3435-4591-BC66-29FBEC2C67A3}.Debug|Any CPU.Build.0 = Debug|Any CPU
		{85E1B9CD-3435-4591-BC66-29FBEC2C67A3}.Debug|x64.ActiveCfg = Debug|Any CPU
		{85E1B9CD-3435-4591-BC66-29FBEC2C67A3}.Debug|x64.Build.0 = Debug|Any CPU
		{85E1B9CD-3435-4591-BC66-29FBEC2C67A3}.Debug|x86.ActiveCfg = Debug|Any CPU
		{85E1B9CD-3435-4591-BC66-29FBEC2C67A3}.Debug|x86.Build.0 = Debug|Any CPU
		{85E1B9CD-3435-4591-BC66-29FBEC2C67A3}.Release|Any CPU.ActiveCfg = Release|Any CPU
		{85E1B9CD-3435-4591-BC66-29FBEC2C67A3}.Release|Any CPU.Build.0 = Release|Any CPU
		{85E1B9CD-3435-4591-BC66-29FBEC2C67A3}.Release|x64.ActiveCfg = Release|Any CPU
		{85E1B9CD-3435-4591-BC66-29FBEC2C67A3}.Release|x64.Build.0 = Release|Any CPU
		{85E1B9CD-3435-4591-BC66-29FBEC2C67A3}.Release|x86.ActiveCfg = Release|Any CPU
		{85E1B9CD-3435-4591-BC66-29FBEC2C67A3}.Release|x86.Build.0 = Release|Any CPU
		{6EFDE80B-7C86-483A-A7B2-73DBA84D28CD}.Debug|Any CPU.ActiveCfg = Debug|Any CPU
		{6EFDE80B-7C86-483A-A7B2-73DBA84D28CD}.Debug|Any CPU.Build.0 = Debug|Any CPU
		{6EFDE80B-7C86-483A-A7B2-73DBA84D28CD}.Debug|x64.ActiveCfg = Debug|Any CPU
		{6EFDE80B-7C86-483A-A7B2-73DBA84D28CD}.Debug|x64.Build.0 = Debug|Any CPU
		{6EFDE80B-7C86-483A-A7B2-73DBA84D28CD}.Debug|x86.ActiveCfg = Debug|Any CPU
		{6EFDE80B-7C86-483A-A7B2-73DBA84D28CD}.Debug|x86.Build.0 = Debug|Any CPU
		{6EFDE80B-7C86-483A-A7B2-73DBA84D28CD}.Release|Any CPU.ActiveCfg = Release|Any CPU
		{6EFDE80B-7C86-483A-A7B2-73DBA84D28CD}.Release|Any CPU.Build.0 = Release|Any CPU
		{6EFDE80B-7C86-483A-A7B2-73DBA84D28CD}.Release|x64.ActiveCfg = Release|Any CPU
		{6EFDE80B-7C86-483A-A7B2-73DBA84D28CD}.Release|x64.Build.0 = Release|Any CPU
		{6EFDE80B-7C86-483A-A7B2-73DBA84D28CD}.Release|x86.ActiveCfg = Release|Any CPU
		{6EFDE80B-7C86-483A-A7B2-73DBA84D28CD}.Release|x86.Build.0 = Release|Any CPU
		{0E039414-2A2E-48B4-8DB7-C4346106FA68}.Debug|Any CPU.ActiveCfg = Debug|Any CPU
		{0E039414-2A2E-48B4-8DB7-C4346106FA68}.Debug|Any CPU.Build.0 = Debug|Any CPU
		{0E039414-2A2E-48B4-8DB7-C4346106FA68}.Debug|x64.ActiveCfg = Debug|Any CPU
		{0E039414-2A2E-48B4-8DB7-C4346106FA68}.Debug|x64.Build.0 = Debug|Any CPU
		{0E039414-2A2E-48B4-8DB7-C4346106FA68}.Debug|x86.ActiveCfg = Debug|Any CPU
		{0E039414-2A2E-48B4-8DB7-C4346106FA68}.Debug|x86.Build.0 = Debug|Any CPU
		{0E039414-2A2E-48B4-8DB7-C4346106FA68}.Release|Any CPU.ActiveCfg = Release|Any CPU
		{0E039414-2A2E-48B4-8DB7-C4346106FA68}.Release|Any CPU.Build.0 = Release|Any CPU
		{0E039414-2A2E-48B4-8DB7-C4346106FA68}.Release|x64.ActiveCfg = Release|Any CPU
		{0E039414-2A2E-48B4-8DB7-C4346106FA68}.Release|x64.Build.0 = Release|Any CPU
		{0E039414-2A2E-48B4-8DB7-C4346106FA68}.Release|x86.ActiveCfg = Release|Any CPU
		{0E039414-2A2E-48B4-8DB7-C4346106FA68}.Release|x86.Build.0 = Release|Any CPU
		{88868FE1-D3D6-4EA1-BD97-27CB5859C00A}.Debug|Any CPU.ActiveCfg = Debug|Any CPU
		{88868FE1-D3D6-4EA1-BD97-27CB5859C00A}.Debug|Any CPU.Build.0 = Debug|Any CPU
		{88868FE1-D3D6-4EA1-BD97-27CB5859C00A}.Debug|x64.ActiveCfg = Debug|Any CPU
		{88868FE1-D3D6-4EA1-BD97-27CB5859C00A}.Debug|x64.Build.0 = Debug|Any CPU
		{88868FE1-D3D6-4EA1-BD97-27CB5859C00A}.Debug|x86.ActiveCfg = Debug|Any CPU
		{88868FE1-D3D6-4EA1-BD97-27CB5859C00A}.Debug|x86.Build.0 = Debug|Any CPU
		{88868FE1-D3D6-4EA1-BD97-27CB5859C00A}.Release|Any CPU.ActiveCfg = Release|Any CPU
		{88868FE1-D3D6-4EA1-BD97-27CB5859C00A}.Release|Any CPU.Build.0 = Release|Any CPU
		{88868FE1-D3D6-4EA1-BD97-27CB5859C00A}.Release|x64.ActiveCfg = Release|Any CPU
		{88868FE1-D3D6-4EA1-BD97-27CB5859C00A}.Release|x64.Build.0 = Release|Any CPU
		{88868FE1-D3D6-4EA1-BD97-27CB5859C00A}.Release|x86.ActiveCfg = Release|Any CPU
		{88868FE1-D3D6-4EA1-BD97-27CB5859C00A}.Release|x86.Build.0 = Release|Any CPU
		{636311A8-0485-4953-841E-35CA27EEA436}.Debug|Any CPU.ActiveCfg = Debug|Any CPU
		{636311A8-0485-4953-841E-35CA27EEA436}.Debug|Any CPU.Build.0 = Debug|Any CPU
		{636311A8-0485-4953-841E-35CA27EEA436}.Debug|x64.ActiveCfg = Debug|Any CPU
		{636311A8-0485-4953-841E-35CA27EEA436}.Debug|x64.Build.0 = Debug|Any CPU
		{636311A8-0485-4953-841E-35CA27EEA436}.Debug|x86.ActiveCfg = Debug|Any CPU
		{636311A8-0485-4953-841E-35CA27EEA436}.Debug|x86.Build.0 = Debug|Any CPU
		{636311A8-0485-4953-841E-35CA27EEA436}.Release|Any CPU.ActiveCfg = Release|Any CPU
		{636311A8-0485-4953-841E-35CA27EEA436}.Release|Any CPU.Build.0 = Release|Any CPU
		{636311A8-0485-4953-841E-35CA27EEA436}.Release|x64.ActiveCfg = Release|Any CPU
		{636311A8-0485-4953-841E-35CA27EEA436}.Release|x64.Build.0 = Release|Any CPU
		{636311A8-0485-4953-841E-35CA27EEA436}.Release|x86.ActiveCfg = Release|Any CPU
		{636311A8-0485-4953-841E-35CA27EEA436}.Release|x86.Build.0 = Release|Any CPU
		{C165E6A0-DD43-4AA1-94B1-D4BF5420A80D}.Debug|Any CPU.ActiveCfg = Debug|Any CPU
		{C165E6A0-DD43-4AA1-94B1-D4BF5420A80D}.Debug|Any CPU.Build.0 = Debug|Any CPU
		{C165E6A0-DD43-4AA1-94B1-D4BF5420A80D}.Debug|x64.ActiveCfg = Debug|Any CPU
		{C165E6A0-DD43-4AA1-94B1-D4BF5420A80D}.Debug|x64.Build.0 = Debug|Any CPU
		{C165E6A0-DD43-4AA1-94B1-D4BF5420A80D}.Debug|x86.ActiveCfg = Debug|Any CPU
		{C165E6A0-DD43-4AA1-94B1-D4BF5420A80D}.Debug|x86.Build.0 = Debug|Any CPU
		{C165E6A0-DD43-4AA1-94B1-D4BF5420A80D}.Release|Any CPU.ActiveCfg = Release|Any CPU
		{C165E6A0-DD43-4AA1-94B1-D4BF5420A80D}.Release|Any CPU.Build.0 = Release|Any CPU
		{C165E6A0-DD43-4AA1-94B1-D4BF5420A80D}.Release|x64.ActiveCfg = Release|Any CPU
		{C165E6A0-DD43-4AA1-94B1-D4BF5420A80D}.Release|x64.Build.0 = Release|Any CPU
		{C165E6A0-DD43-4AA1-94B1-D4BF5420A80D}.Release|x86.ActiveCfg = Release|Any CPU
		{C165E6A0-DD43-4AA1-94B1-D4BF5420A80D}.Release|x86.Build.0 = Release|Any CPU
		{D2F78AE2-3125-44B8-8629-EC3C5BC6C46B}.Debug|Any CPU.ActiveCfg = Debug|Any CPU
		{D2F78AE2-3125-44B8-8629-EC3C5BC6C46B}.Debug|Any CPU.Build.0 = Debug|Any CPU
		{D2F78AE2-3125-44B8-8629-EC3C5BC6C46B}.Debug|x64.ActiveCfg = Debug|Any CPU
		{D2F78AE2-3125-44B8-8629-EC3C5BC6C46B}.Debug|x64.Build.0 = Debug|Any CPU
		{D2F78AE2-3125-44B8-8629-EC3C5BC6C46B}.Debug|x86.ActiveCfg = Debug|Any CPU
		{D2F78AE2-3125-44B8-8629-EC3C5BC6C46B}.Debug|x86.Build.0 = Debug|Any CPU
		{D2F78AE2-3125-44B8-8629-EC3C5BC6C46B}.Release|Any CPU.ActiveCfg = Release|Any CPU
		{D2F78AE2-3125-44B8-8629-EC3C5BC6C46B}.Release|Any CPU.Build.0 = Release|Any CPU
		{D2F78AE2-3125-44B8-8629-EC3C5BC6C46B}.Release|x64.ActiveCfg = Release|Any CPU
		{D2F78AE2-3125-44B8-8629-EC3C5BC6C46B}.Release|x64.Build.0 = Release|Any CPU
		{D2F78AE2-3125-44B8-8629-EC3C5BC6C46B}.Release|x86.ActiveCfg = Release|Any CPU
		{D2F78AE2-3125-44B8-8629-EC3C5BC6C46B}.Release|x86.Build.0 = Release|Any CPU
		{CD504748-DFA0-4EFB-8311-FE5317887AAA}.Debug|Any CPU.ActiveCfg = Debug|Any CPU
		{CD504748-DFA0-4EFB-8311-FE5317887AAA}.Debug|Any CPU.Build.0 = Debug|Any CPU
		{CD504748-DFA0-4EFB-8311-FE5317887AAA}.Debug|x64.ActiveCfg = Debug|Any CPU
		{CD504748-DFA0-4EFB-8311-FE5317887AAA}.Debug|x64.Build.0 = Debug|Any CPU
		{CD504748-DFA0-4EFB-8311-FE5317887AAA}.Debug|x86.ActiveCfg = Debug|Any CPU
		{CD504748-DFA0-4EFB-8311-FE5317887AAA}.Debug|x86.Build.0 = Debug|Any CPU
		{CD504748-DFA0-4EFB-8311-FE5317887AAA}.Release|Any CPU.ActiveCfg = Release|Any CPU
		{CD504748-DFA0-4EFB-8311-FE5317887AAA}.Release|Any CPU.Build.0 = Release|Any CPU
		{CD504748-DFA0-4EFB-8311-FE5317887AAA}.Release|x64.ActiveCfg = Release|Any CPU
		{CD504748-DFA0-4EFB-8311-FE5317887AAA}.Release|x64.Build.0 = Release|Any CPU
		{CD504748-DFA0-4EFB-8311-FE5317887AAA}.Release|x86.ActiveCfg = Release|Any CPU
		{CD504748-DFA0-4EFB-8311-FE5317887AAA}.Release|x86.Build.0 = Release|Any CPU
		{8BB39397-61EC-4A0C-B525-F8F077491564}.Debug|Any CPU.ActiveCfg = Debug|Any CPU
		{8BB39397-61EC-4A0C-B525-F8F077491564}.Debug|Any CPU.Build.0 = Debug|Any CPU
		{8BB39397-61EC-4A0C-B525-F8F077491564}.Debug|x64.ActiveCfg = Debug|Any CPU
		{8BB39397-61EC-4A0C-B525-F8F077491564}.Debug|x64.Build.0 = Debug|Any CPU
		{8BB39397-61EC-4A0C-B525-F8F077491564}.Debug|x86.ActiveCfg = Debug|Any CPU
		{8BB39397-61EC-4A0C-B525-F8F077491564}.Debug|x86.Build.0 = Debug|Any CPU
		{8BB39397-61EC-4A0C-B525-F8F077491564}.Release|Any CPU.ActiveCfg = Release|Any CPU
		{8BB39397-61EC-4A0C-B525-F8F077491564}.Release|Any CPU.Build.0 = Release|Any CPU
		{8BB39397-61EC-4A0C-B525-F8F077491564}.Release|x64.ActiveCfg = Release|Any CPU
		{8BB39397-61EC-4A0C-B525-F8F077491564}.Release|x64.Build.0 = Release|Any CPU
		{8BB39397-61EC-4A0C-B525-F8F077491564}.Release|x86.ActiveCfg = Release|Any CPU
		{8BB39397-61EC-4A0C-B525-F8F077491564}.Release|x86.Build.0 = Release|Any CPU
		{5634EE61-8DA3-4345-A3EB-FBF5EC89E913}.Debug|Any CPU.ActiveCfg = Debug|Any CPU
		{5634EE61-8DA3-4345-A3EB-FBF5EC89E913}.Debug|Any CPU.Build.0 = Debug|Any CPU
		{5634EE61-8DA3-4345-A3EB-FBF5EC89E913}.Debug|x64.ActiveCfg = Debug|Any CPU
		{5634EE61-8DA3-4345-A3EB-FBF5EC89E913}.Debug|x64.Build.0 = Debug|Any CPU
		{5634EE61-8DA3-4345-A3EB-FBF5EC89E913}.Debug|x86.ActiveCfg = Debug|Any CPU
		{5634EE61-8DA3-4345-A3EB-FBF5EC89E913}.Debug|x86.Build.0 = Debug|Any CPU
		{5634EE61-8DA3-4345-A3EB-FBF5EC89E913}.Release|Any CPU.ActiveCfg = Release|Any CPU
		{5634EE61-8DA3-4345-A3EB-FBF5EC89E913}.Release|Any CPU.Build.0 = Release|Any CPU
		{5634EE61-8DA3-4345-A3EB-FBF5EC89E913}.Release|x64.ActiveCfg = Release|Any CPU
		{5634EE61-8DA3-4345-A3EB-FBF5EC89E913}.Release|x64.Build.0 = Release|Any CPU
		{5634EE61-8DA3-4345-A3EB-FBF5EC89E913}.Release|x86.ActiveCfg = Release|Any CPU
		{5634EE61-8DA3-4345-A3EB-FBF5EC89E913}.Release|x86.Build.0 = Release|Any CPU
		{1317C932-E16C-47E8-A2E3-2A0F881AE42D}.Debug|Any CPU.ActiveCfg = Debug|Any CPU
		{1317C932-E16C-47E8-A2E3-2A0F881AE42D}.Debug|Any CPU.Build.0 = Debug|Any CPU
		{1317C932-E16C-47E8-A2E3-2A0F881AE42D}.Debug|x64.ActiveCfg = Debug|Any CPU
		{1317C932-E16C-47E8-A2E3-2A0F881AE42D}.Debug|x64.Build.0 = Debug|Any CPU
		{1317C932-E16C-47E8-A2E3-2A0F881AE42D}.Debug|x86.ActiveCfg = Debug|Any CPU
		{1317C932-E16C-47E8-A2E3-2A0F881AE42D}.Debug|x86.Build.0 = Debug|Any CPU
		{1317C932-E16C-47E8-A2E3-2A0F881AE42D}.Release|Any CPU.ActiveCfg = Release|Any CPU
		{1317C932-E16C-47E8-A2E3-2A0F881AE42D}.Release|Any CPU.Build.0 = Release|Any CPU
		{1317C932-E16C-47E8-A2E3-2A0F881AE42D}.Release|x64.ActiveCfg = Release|Any CPU
		{1317C932-E16C-47E8-A2E3-2A0F881AE42D}.Release|x64.Build.0 = Release|Any CPU
		{1317C932-E16C-47E8-A2E3-2A0F881AE42D}.Release|x86.ActiveCfg = Release|Any CPU
		{1317C932-E16C-47E8-A2E3-2A0F881AE42D}.Release|x86.Build.0 = Release|Any CPU
		{35113A75-CF4B-4EF7-8444-1E3C6F9D61C9}.Debug|Any CPU.ActiveCfg = Debug|Any CPU
		{35113A75-CF4B-4EF7-8444-1E3C6F9D61C9}.Debug|Any CPU.Build.0 = Debug|Any CPU
		{35113A75-CF4B-4EF7-8444-1E3C6F9D61C9}.Debug|x64.ActiveCfg = Debug|Any CPU
		{35113A75-CF4B-4EF7-8444-1E3C6F9D61C9}.Debug|x64.Build.0 = Debug|Any CPU
		{35113A75-CF4B-4EF7-8444-1E3C6F9D61C9}.Debug|x86.ActiveCfg = Debug|Any CPU
		{35113A75-CF4B-4EF7-8444-1E3C6F9D61C9}.Debug|x86.Build.0 = Debug|Any CPU
		{35113A75-CF4B-4EF7-8444-1E3C6F9D61C9}.Release|Any CPU.ActiveCfg = Release|Any CPU
		{35113A75-CF4B-4EF7-8444-1E3C6F9D61C9}.Release|Any CPU.Build.0 = Release|Any CPU
		{35113A75-CF4B-4EF7-8444-1E3C6F9D61C9}.Release|x64.ActiveCfg = Release|Any CPU
		{35113A75-CF4B-4EF7-8444-1E3C6F9D61C9}.Release|x64.Build.0 = Release|Any CPU
		{35113A75-CF4B-4EF7-8444-1E3C6F9D61C9}.Release|x86.ActiveCfg = Release|Any CPU
		{35113A75-CF4B-4EF7-8444-1E3C6F9D61C9}.Release|x86.Build.0 = Release|Any CPU
		{EBEC6AEF-5054-4A01-B516-42148A4F0858}.Debug|Any CPU.ActiveCfg = Debug|Any CPU
		{EBEC6AEF-5054-4A01-B516-42148A4F0858}.Debug|Any CPU.Build.0 = Debug|Any CPU
		{EBEC6AEF-5054-4A01-B516-42148A4F0858}.Debug|x64.ActiveCfg = Debug|Any CPU
		{EBEC6AEF-5054-4A01-B516-42148A4F0858}.Debug|x64.Build.0 = Debug|Any CPU
		{EBEC6AEF-5054-4A01-B516-42148A4F0858}.Debug|x86.ActiveCfg = Debug|Any CPU
		{EBEC6AEF-5054-4A01-B516-42148A4F0858}.Debug|x86.Build.0 = Debug|Any CPU
		{EBEC6AEF-5054-4A01-B516-42148A4F0858}.Release|Any CPU.ActiveCfg = Release|Any CPU
		{EBEC6AEF-5054-4A01-B516-42148A4F0858}.Release|Any CPU.Build.0 = Release|Any CPU
		{EBEC6AEF-5054-4A01-B516-42148A4F0858}.Release|x64.ActiveCfg = Release|Any CPU
		{EBEC6AEF-5054-4A01-B516-42148A4F0858}.Release|x64.Build.0 = Release|Any CPU
		{EBEC6AEF-5054-4A01-B516-42148A4F0858}.Release|x86.ActiveCfg = Release|Any CPU
		{EBEC6AEF-5054-4A01-B516-42148A4F0858}.Release|x86.Build.0 = Release|Any CPU
		{07512FBE-69F4-44E3-B2C7-812992040930}.Debug|Any CPU.ActiveCfg = Debug|Any CPU
		{07512FBE-69F4-44E3-B2C7-812992040930}.Debug|Any CPU.Build.0 = Debug|Any CPU
		{07512FBE-69F4-44E3-B2C7-812992040930}.Debug|x64.ActiveCfg = Debug|Any CPU
		{07512FBE-69F4-44E3-B2C7-812992040930}.Debug|x64.Build.0 = Debug|Any CPU
		{07512FBE-69F4-44E3-B2C7-812992040930}.Debug|x86.ActiveCfg = Debug|Any CPU
		{07512FBE-69F4-44E3-B2C7-812992040930}.Debug|x86.Build.0 = Debug|Any CPU
		{07512FBE-69F4-44E3-B2C7-812992040930}.Release|Any CPU.ActiveCfg = Release|Any CPU
		{07512FBE-69F4-44E3-B2C7-812992040930}.Release|Any CPU.Build.0 = Release|Any CPU
		{07512FBE-69F4-44E3-B2C7-812992040930}.Release|x64.ActiveCfg = Release|Any CPU
		{07512FBE-69F4-44E3-B2C7-812992040930}.Release|x64.Build.0 = Release|Any CPU
		{07512FBE-69F4-44E3-B2C7-812992040930}.Release|x86.ActiveCfg = Release|Any CPU
		{07512FBE-69F4-44E3-B2C7-812992040930}.Release|x86.Build.0 = Release|Any CPU
		{3D5A935D-8563-4535-BE9F-701E068A6897}.Debug|Any CPU.ActiveCfg = Debug|Any CPU
		{3D5A935D-8563-4535-BE9F-701E068A6897}.Debug|Any CPU.Build.0 = Debug|Any CPU
		{3D5A935D-8563-4535-BE9F-701E068A6897}.Debug|x64.ActiveCfg = Debug|Any CPU
		{3D5A935D-8563-4535-BE9F-701E068A6897}.Debug|x64.Build.0 = Debug|Any CPU
		{3D5A935D-8563-4535-BE9F-701E068A6897}.Debug|x86.ActiveCfg = Debug|Any CPU
		{3D5A935D-8563-4535-BE9F-701E068A6897}.Debug|x86.Build.0 = Debug|Any CPU
		{3D5A935D-8563-4535-BE9F-701E068A6897}.Release|Any CPU.ActiveCfg = Release|Any CPU
		{3D5A935D-8563-4535-BE9F-701E068A6897}.Release|Any CPU.Build.0 = Release|Any CPU
		{3D5A935D-8563-4535-BE9F-701E068A6897}.Release|x64.ActiveCfg = Release|Any CPU
		{3D5A935D-8563-4535-BE9F-701E068A6897}.Release|x64.Build.0 = Release|Any CPU
		{3D5A935D-8563-4535-BE9F-701E068A6897}.Release|x86.ActiveCfg = Release|Any CPU
		{3D5A935D-8563-4535-BE9F-701E068A6897}.Release|x86.Build.0 = Release|Any CPU
		{28D06C14-41ED-4D4C-A221-D7B3A785640E}.Debug|Any CPU.ActiveCfg = Debug|Any CPU
		{28D06C14-41ED-4D4C-A221-D7B3A785640E}.Debug|Any CPU.Build.0 = Debug|Any CPU
		{28D06C14-41ED-4D4C-A221-D7B3A785640E}.Debug|x64.ActiveCfg = Debug|Any CPU
		{28D06C14-41ED-4D4C-A221-D7B3A785640E}.Debug|x64.Build.0 = Debug|Any CPU
		{28D06C14-41ED-4D4C-A221-D7B3A785640E}.Debug|x86.ActiveCfg = Debug|Any CPU
		{28D06C14-41ED-4D4C-A221-D7B3A785640E}.Debug|x86.Build.0 = Debug|Any CPU
		{28D06C14-41ED-4D4C-A221-D7B3A785640E}.Release|Any CPU.ActiveCfg = Release|Any CPU
		{28D06C14-41ED-4D4C-A221-D7B3A785640E}.Release|Any CPU.Build.0 = Release|Any CPU
		{28D06C14-41ED-4D4C-A221-D7B3A785640E}.Release|x64.ActiveCfg = Release|Any CPU
		{28D06C14-41ED-4D4C-A221-D7B3A785640E}.Release|x64.Build.0 = Release|Any CPU
		{28D06C14-41ED-4D4C-A221-D7B3A785640E}.Release|x86.ActiveCfg = Release|Any CPU
		{28D06C14-41ED-4D4C-A221-D7B3A785640E}.Release|x86.Build.0 = Release|Any CPU
		{9C11CAE5-5188-4E71-825B-68FC3135728A}.Debug|Any CPU.ActiveCfg = Debug|Any CPU
		{9C11CAE5-5188-4E71-825B-68FC3135728A}.Debug|Any CPU.Build.0 = Debug|Any CPU
		{9C11CAE5-5188-4E71-825B-68FC3135728A}.Debug|x64.ActiveCfg = Debug|Any CPU
		{9C11CAE5-5188-4E71-825B-68FC3135728A}.Debug|x64.Build.0 = Debug|Any CPU
		{9C11CAE5-5188-4E71-825B-68FC3135728A}.Debug|x86.ActiveCfg = Debug|Any CPU
		{9C11CAE5-5188-4E71-825B-68FC3135728A}.Debug|x86.Build.0 = Debug|Any CPU
		{9C11CAE5-5188-4E71-825B-68FC3135728A}.Release|Any CPU.ActiveCfg = Release|Any CPU
		{9C11CAE5-5188-4E71-825B-68FC3135728A}.Release|Any CPU.Build.0 = Release|Any CPU
		{9C11CAE5-5188-4E71-825B-68FC3135728A}.Release|x64.ActiveCfg = Release|Any CPU
		{9C11CAE5-5188-4E71-825B-68FC3135728A}.Release|x64.Build.0 = Release|Any CPU
		{9C11CAE5-5188-4E71-825B-68FC3135728A}.Release|x86.ActiveCfg = Release|Any CPU
		{9C11CAE5-5188-4E71-825B-68FC3135728A}.Release|x86.Build.0 = Release|Any CPU
		{DC473934-369D-4808-9454-C22456F6D9A7}.Debug|Any CPU.ActiveCfg = Debug|Any CPU
		{DC473934-369D-4808-9454-C22456F6D9A7}.Debug|Any CPU.Build.0 = Debug|Any CPU
		{DC473934-369D-4808-9454-C22456F6D9A7}.Debug|x64.ActiveCfg = Debug|Any CPU
		{DC473934-369D-4808-9454-C22456F6D9A7}.Debug|x64.Build.0 = Debug|Any CPU
		{DC473934-369D-4808-9454-C22456F6D9A7}.Debug|x86.ActiveCfg = Debug|Any CPU
		{DC473934-369D-4808-9454-C22456F6D9A7}.Debug|x86.Build.0 = Debug|Any CPU
		{DC473934-369D-4808-9454-C22456F6D9A7}.Release|Any CPU.ActiveCfg = Release|Any CPU
		{DC473934-369D-4808-9454-C22456F6D9A7}.Release|Any CPU.Build.0 = Release|Any CPU
		{DC473934-369D-4808-9454-C22456F6D9A7}.Release|x64.ActiveCfg = Release|Any CPU
		{DC473934-369D-4808-9454-C22456F6D9A7}.Release|x64.Build.0 = Release|Any CPU
		{DC473934-369D-4808-9454-C22456F6D9A7}.Release|x86.ActiveCfg = Release|Any CPU
		{DC473934-369D-4808-9454-C22456F6D9A7}.Release|x86.Build.0 = Release|Any CPU
		{EC691C59-681A-405E-93CB-4FE65D1A3DB4}.Debug|Any CPU.ActiveCfg = Debug|Any CPU
		{EC691C59-681A-405E-93CB-4FE65D1A3DB4}.Debug|Any CPU.Build.0 = Debug|Any CPU
		{EC691C59-681A-405E-93CB-4FE65D1A3DB4}.Debug|x64.ActiveCfg = Debug|Any CPU
		{EC691C59-681A-405E-93CB-4FE65D1A3DB4}.Debug|x64.Build.0 = Debug|Any CPU
		{EC691C59-681A-405E-93CB-4FE65D1A3DB4}.Debug|x86.ActiveCfg = Debug|Any CPU
		{EC691C59-681A-405E-93CB-4FE65D1A3DB4}.Debug|x86.Build.0 = Debug|Any CPU
		{EC691C59-681A-405E-93CB-4FE65D1A3DB4}.Release|Any CPU.ActiveCfg = Release|Any CPU
		{EC691C59-681A-405E-93CB-4FE65D1A3DB4}.Release|Any CPU.Build.0 = Release|Any CPU
		{EC691C59-681A-405E-93CB-4FE65D1A3DB4}.Release|x64.ActiveCfg = Release|Any CPU
		{EC691C59-681A-405E-93CB-4FE65D1A3DB4}.Release|x64.Build.0 = Release|Any CPU
		{EC691C59-681A-405E-93CB-4FE65D1A3DB4}.Release|x86.ActiveCfg = Release|Any CPU
		{EC691C59-681A-405E-93CB-4FE65D1A3DB4}.Release|x86.Build.0 = Release|Any CPU
		{ADF5736D-21F9-423A-8C88-B5E8A309B797}.Debug|Any CPU.ActiveCfg = Debug|Any CPU
		{ADF5736D-21F9-423A-8C88-B5E8A309B797}.Debug|Any CPU.Build.0 = Debug|Any CPU
		{ADF5736D-21F9-423A-8C88-B5E8A309B797}.Debug|x64.ActiveCfg = Debug|Any CPU
		{ADF5736D-21F9-423A-8C88-B5E8A309B797}.Debug|x64.Build.0 = Debug|Any CPU
		{ADF5736D-21F9-423A-8C88-B5E8A309B797}.Debug|x86.ActiveCfg = Debug|Any CPU
		{ADF5736D-21F9-423A-8C88-B5E8A309B797}.Debug|x86.Build.0 = Debug|Any CPU
		{ADF5736D-21F9-423A-8C88-B5E8A309B797}.Release|Any CPU.ActiveCfg = Release|Any CPU
		{ADF5736D-21F9-423A-8C88-B5E8A309B797}.Release|Any CPU.Build.0 = Release|Any CPU
		{ADF5736D-21F9-423A-8C88-B5E8A309B797}.Release|x64.ActiveCfg = Release|Any CPU
		{ADF5736D-21F9-423A-8C88-B5E8A309B797}.Release|x64.Build.0 = Release|Any CPU
		{ADF5736D-21F9-423A-8C88-B5E8A309B797}.Release|x86.ActiveCfg = Release|Any CPU
		{ADF5736D-21F9-423A-8C88-B5E8A309B797}.Release|x86.Build.0 = Release|Any CPU
		{D5A77DBE-0CB3-44F7-939D-B54A497B7EF5}.Debug|Any CPU.ActiveCfg = Debug|Any CPU
		{D5A77DBE-0CB3-44F7-939D-B54A497B7EF5}.Debug|Any CPU.Build.0 = Debug|Any CPU
		{D5A77DBE-0CB3-44F7-939D-B54A497B7EF5}.Debug|x64.ActiveCfg = Debug|Any CPU
		{D5A77DBE-0CB3-44F7-939D-B54A497B7EF5}.Debug|x64.Build.0 = Debug|Any CPU
		{D5A77DBE-0CB3-44F7-939D-B54A497B7EF5}.Debug|x86.ActiveCfg = Debug|Any CPU
		{D5A77DBE-0CB3-44F7-939D-B54A497B7EF5}.Debug|x86.Build.0 = Debug|Any CPU
		{D5A77DBE-0CB3-44F7-939D-B54A497B7EF5}.Release|Any CPU.ActiveCfg = Release|Any CPU
		{D5A77DBE-0CB3-44F7-939D-B54A497B7EF5}.Release|Any CPU.Build.0 = Release|Any CPU
		{D5A77DBE-0CB3-44F7-939D-B54A497B7EF5}.Release|x64.ActiveCfg = Release|Any CPU
		{D5A77DBE-0CB3-44F7-939D-B54A497B7EF5}.Release|x64.Build.0 = Release|Any CPU
		{D5A77DBE-0CB3-44F7-939D-B54A497B7EF5}.Release|x86.ActiveCfg = Release|Any CPU
		{D5A77DBE-0CB3-44F7-939D-B54A497B7EF5}.Release|x86.Build.0 = Release|Any CPU
		{B20AB3A3-42E1-4B4E-8EB1-E29E86C41529}.Debug|Any CPU.ActiveCfg = Debug|Any CPU
		{B20AB3A3-42E1-4B4E-8EB1-E29E86C41529}.Debug|Any CPU.Build.0 = Debug|Any CPU
		{B20AB3A3-42E1-4B4E-8EB1-E29E86C41529}.Debug|x64.ActiveCfg = Debug|x64
		{B20AB3A3-42E1-4B4E-8EB1-E29E86C41529}.Debug|x64.Build.0 = Debug|x64
		{B20AB3A3-42E1-4B4E-8EB1-E29E86C41529}.Debug|x86.ActiveCfg = Debug|x86
		{B20AB3A3-42E1-4B4E-8EB1-E29E86C41529}.Debug|x86.Build.0 = Debug|x86
		{B20AB3A3-42E1-4B4E-8EB1-E29E86C41529}.Release|Any CPU.ActiveCfg = Release|Any CPU
		{B20AB3A3-42E1-4B4E-8EB1-E29E86C41529}.Release|Any CPU.Build.0 = Release|Any CPU
		{B20AB3A3-42E1-4B4E-8EB1-E29E86C41529}.Release|x64.ActiveCfg = Release|x64
		{B20AB3A3-42E1-4B4E-8EB1-E29E86C41529}.Release|x64.Build.0 = Release|x64
		{B20AB3A3-42E1-4B4E-8EB1-E29E86C41529}.Release|x86.ActiveCfg = Release|x86
		{B20AB3A3-42E1-4B4E-8EB1-E29E86C41529}.Release|x86.Build.0 = Release|x86
		{27871C52-CACA-4ECA-BBA8-6866022C8D91}.Debug|Any CPU.ActiveCfg = Debug|Any CPU
		{27871C52-CACA-4ECA-BBA8-6866022C8D91}.Debug|Any CPU.Build.0 = Debug|Any CPU
		{27871C52-CACA-4ECA-BBA8-6866022C8D91}.Debug|x64.ActiveCfg = Debug|Any CPU
		{27871C52-CACA-4ECA-BBA8-6866022C8D91}.Debug|x64.Build.0 = Debug|Any CPU
		{27871C52-CACA-4ECA-BBA8-6866022C8D91}.Debug|x86.ActiveCfg = Debug|Any CPU
		{27871C52-CACA-4ECA-BBA8-6866022C8D91}.Debug|x86.Build.0 = Debug|Any CPU
		{27871C52-CACA-4ECA-BBA8-6866022C8D91}.Release|Any CPU.ActiveCfg = Release|Any CPU
		{27871C52-CACA-4ECA-BBA8-6866022C8D91}.Release|Any CPU.Build.0 = Release|Any CPU
		{27871C52-CACA-4ECA-BBA8-6866022C8D91}.Release|x64.ActiveCfg = Release|Any CPU
		{27871C52-CACA-4ECA-BBA8-6866022C8D91}.Release|x64.Build.0 = Release|Any CPU
		{27871C52-CACA-4ECA-BBA8-6866022C8D91}.Release|x86.ActiveCfg = Release|Any CPU
		{27871C52-CACA-4ECA-BBA8-6866022C8D91}.Release|x86.Build.0 = Release|Any CPU
		{259E83DA-5441-4911-B284-D524201329FC}.Debug|Any CPU.ActiveCfg = Debug|Any CPU
		{259E83DA-5441-4911-B284-D524201329FC}.Debug|Any CPU.Build.0 = Debug|Any CPU
		{259E83DA-5441-4911-B284-D524201329FC}.Debug|x64.ActiveCfg = Debug|Any CPU
		{259E83DA-5441-4911-B284-D524201329FC}.Debug|x64.Build.0 = Debug|Any CPU
		{259E83DA-5441-4911-B284-D524201329FC}.Debug|x86.ActiveCfg = Debug|Any CPU
		{259E83DA-5441-4911-B284-D524201329FC}.Debug|x86.Build.0 = Debug|Any CPU
		{259E83DA-5441-4911-B284-D524201329FC}.Release|Any CPU.ActiveCfg = Release|Any CPU
		{259E83DA-5441-4911-B284-D524201329FC}.Release|Any CPU.Build.0 = Release|Any CPU
		{259E83DA-5441-4911-B284-D524201329FC}.Release|x64.ActiveCfg = Release|Any CPU
		{259E83DA-5441-4911-B284-D524201329FC}.Release|x64.Build.0 = Release|Any CPU
		{259E83DA-5441-4911-B284-D524201329FC}.Release|x86.ActiveCfg = Release|Any CPU
		{259E83DA-5441-4911-B284-D524201329FC}.Release|x86.Build.0 = Release|Any CPU
		{86FCA40D-88CD-4CA0-8218-107704CA76FD}.Debug|Any CPU.ActiveCfg = Debug|Any CPU
		{86FCA40D-88CD-4CA0-8218-107704CA76FD}.Debug|Any CPU.Build.0 = Debug|Any CPU
		{86FCA40D-88CD-4CA0-8218-107704CA76FD}.Debug|x64.ActiveCfg = Debug|Any CPU
		{86FCA40D-88CD-4CA0-8218-107704CA76FD}.Debug|x64.Build.0 = Debug|Any CPU
		{86FCA40D-88CD-4CA0-8218-107704CA76FD}.Debug|x86.ActiveCfg = Debug|Any CPU
		{86FCA40D-88CD-4CA0-8218-107704CA76FD}.Debug|x86.Build.0 = Debug|Any CPU
		{86FCA40D-88CD-4CA0-8218-107704CA76FD}.Release|Any CPU.ActiveCfg = Release|Any CPU
		{86FCA40D-88CD-4CA0-8218-107704CA76FD}.Release|Any CPU.Build.0 = Release|Any CPU
		{86FCA40D-88CD-4CA0-8218-107704CA76FD}.Release|x64.ActiveCfg = Release|Any CPU
		{86FCA40D-88CD-4CA0-8218-107704CA76FD}.Release|x64.Build.0 = Release|Any CPU
		{86FCA40D-88CD-4CA0-8218-107704CA76FD}.Release|x86.ActiveCfg = Release|Any CPU
		{86FCA40D-88CD-4CA0-8218-107704CA76FD}.Release|x86.Build.0 = Release|Any CPU
		{267D89D9-E18D-401E-885C-27DB42D257F3}.Debug|Any CPU.ActiveCfg = Debug|Any CPU
		{267D89D9-E18D-401E-885C-27DB42D257F3}.Debug|Any CPU.Build.0 = Debug|Any CPU
		{267D89D9-E18D-401E-885C-27DB42D257F3}.Debug|x64.ActiveCfg = Debug|Any CPU
		{267D89D9-E18D-401E-885C-27DB42D257F3}.Debug|x64.Build.0 = Debug|Any CPU
		{267D89D9-E18D-401E-885C-27DB42D257F3}.Debug|x86.ActiveCfg = Debug|Any CPU
		{267D89D9-E18D-401E-885C-27DB42D257F3}.Debug|x86.Build.0 = Debug|Any CPU
		{267D89D9-E18D-401E-885C-27DB42D257F3}.Release|Any CPU.ActiveCfg = Release|Any CPU
		{267D89D9-E18D-401E-885C-27DB42D257F3}.Release|Any CPU.Build.0 = Release|Any CPU
		{267D89D9-E18D-401E-885C-27DB42D257F3}.Release|x64.ActiveCfg = Release|Any CPU
		{267D89D9-E18D-401E-885C-27DB42D257F3}.Release|x64.Build.0 = Release|Any CPU
		{267D89D9-E18D-401E-885C-27DB42D257F3}.Release|x86.ActiveCfg = Release|Any CPU
		{267D89D9-E18D-401E-885C-27DB42D257F3}.Release|x86.Build.0 = Release|Any CPU
		{D9937EA4-955F-41ED-B032-6D0961DC0322}.Debug|Any CPU.ActiveCfg = Debug|Any CPU
		{D9937EA4-955F-41ED-B032-6D0961DC0322}.Debug|Any CPU.Build.0 = Debug|Any CPU
		{D9937EA4-955F-41ED-B032-6D0961DC0322}.Debug|x64.ActiveCfg = Debug|Any CPU
		{D9937EA4-955F-41ED-B032-6D0961DC0322}.Debug|x64.Build.0 = Debug|Any CPU
		{D9937EA4-955F-41ED-B032-6D0961DC0322}.Debug|x86.ActiveCfg = Debug|Any CPU
		{D9937EA4-955F-41ED-B032-6D0961DC0322}.Debug|x86.Build.0 = Debug|Any CPU
		{D9937EA4-955F-41ED-B032-6D0961DC0322}.Release|Any CPU.ActiveCfg = Release|Any CPU
		{D9937EA4-955F-41ED-B032-6D0961DC0322}.Release|Any CPU.Build.0 = Release|Any CPU
		{D9937EA4-955F-41ED-B032-6D0961DC0322}.Release|x64.ActiveCfg = Release|Any CPU
		{D9937EA4-955F-41ED-B032-6D0961DC0322}.Release|x64.Build.0 = Release|Any CPU
		{D9937EA4-955F-41ED-B032-6D0961DC0322}.Release|x86.ActiveCfg = Release|Any CPU
		{D9937EA4-955F-41ED-B032-6D0961DC0322}.Release|x86.Build.0 = Release|Any CPU
		{1EA1FEEA-CCD8-419A-B143-A8311DC8A1E1}.Debug|Any CPU.ActiveCfg = Debug|Any CPU
		{1EA1FEEA-CCD8-419A-B143-A8311DC8A1E1}.Debug|Any CPU.Build.0 = Debug|Any CPU
		{1EA1FEEA-CCD8-419A-B143-A8311DC8A1E1}.Debug|x64.ActiveCfg = Debug|Any CPU
		{1EA1FEEA-CCD8-419A-B143-A8311DC8A1E1}.Debug|x64.Build.0 = Debug|Any CPU
		{1EA1FEEA-CCD8-419A-B143-A8311DC8A1E1}.Debug|x86.ActiveCfg = Debug|Any CPU
		{1EA1FEEA-CCD8-419A-B143-A8311DC8A1E1}.Debug|x86.Build.0 = Debug|Any CPU
		{1EA1FEEA-CCD8-419A-B143-A8311DC8A1E1}.Release|Any CPU.ActiveCfg = Release|Any CPU
		{1EA1FEEA-CCD8-419A-B143-A8311DC8A1E1}.Release|Any CPU.Build.0 = Release|Any CPU
		{1EA1FEEA-CCD8-419A-B143-A8311DC8A1E1}.Release|x64.ActiveCfg = Release|Any CPU
		{1EA1FEEA-CCD8-419A-B143-A8311DC8A1E1}.Release|x64.Build.0 = Release|Any CPU
		{1EA1FEEA-CCD8-419A-B143-A8311DC8A1E1}.Release|x86.ActiveCfg = Release|Any CPU
		{1EA1FEEA-CCD8-419A-B143-A8311DC8A1E1}.Release|x86.Build.0 = Release|Any CPU
		{134EAA41-F2FE-498C-ABA4-AFDBD749FBB7}.Debug|Any CPU.ActiveCfg = Debug|Any CPU
		{134EAA41-F2FE-498C-ABA4-AFDBD749FBB7}.Debug|Any CPU.Build.0 = Debug|Any CPU
		{134EAA41-F2FE-498C-ABA4-AFDBD749FBB7}.Debug|x64.ActiveCfg = Debug|Any CPU
		{134EAA41-F2FE-498C-ABA4-AFDBD749FBB7}.Debug|x64.Build.0 = Debug|Any CPU
		{134EAA41-F2FE-498C-ABA4-AFDBD749FBB7}.Debug|x86.ActiveCfg = Debug|Any CPU
		{134EAA41-F2FE-498C-ABA4-AFDBD749FBB7}.Debug|x86.Build.0 = Debug|Any CPU
		{134EAA41-F2FE-498C-ABA4-AFDBD749FBB7}.Release|Any CPU.ActiveCfg = Release|Any CPU
		{134EAA41-F2FE-498C-ABA4-AFDBD749FBB7}.Release|Any CPU.Build.0 = Release|Any CPU
		{134EAA41-F2FE-498C-ABA4-AFDBD749FBB7}.Release|x64.ActiveCfg = Release|Any CPU
		{134EAA41-F2FE-498C-ABA4-AFDBD749FBB7}.Release|x64.Build.0 = Release|Any CPU
		{134EAA41-F2FE-498C-ABA4-AFDBD749FBB7}.Release|x86.ActiveCfg = Release|Any CPU
		{134EAA41-F2FE-498C-ABA4-AFDBD749FBB7}.Release|x86.Build.0 = Release|Any CPU
		{5D319FE7-2758-4A61-99DF-FDF033AD4A8B}.Debug|Any CPU.ActiveCfg = Debug|Any CPU
		{5D319FE7-2758-4A61-99DF-FDF033AD4A8B}.Debug|Any CPU.Build.0 = Debug|Any CPU
		{5D319FE7-2758-4A61-99DF-FDF033AD4A8B}.Debug|x64.ActiveCfg = Debug|Any CPU
		{5D319FE7-2758-4A61-99DF-FDF033AD4A8B}.Debug|x64.Build.0 = Debug|Any CPU
		{5D319FE7-2758-4A61-99DF-FDF033AD4A8B}.Debug|x86.ActiveCfg = Debug|Any CPU
		{5D319FE7-2758-4A61-99DF-FDF033AD4A8B}.Debug|x86.Build.0 = Debug|Any CPU
		{5D319FE7-2758-4A61-99DF-FDF033AD4A8B}.Release|Any CPU.ActiveCfg = Release|Any CPU
		{5D319FE7-2758-4A61-99DF-FDF033AD4A8B}.Release|Any CPU.Build.0 = Release|Any CPU
		{5D319FE7-2758-4A61-99DF-FDF033AD4A8B}.Release|x64.ActiveCfg = Release|Any CPU
		{5D319FE7-2758-4A61-99DF-FDF033AD4A8B}.Release|x64.Build.0 = Release|Any CPU
		{5D319FE7-2758-4A61-99DF-FDF033AD4A8B}.Release|x86.ActiveCfg = Release|Any CPU
		{5D319FE7-2758-4A61-99DF-FDF033AD4A8B}.Release|x86.Build.0 = Release|Any CPU
	EndGlobalSection
	GlobalSection(SolutionProperties) = preSolution
		HideSolutionNode = FALSE
	EndGlobalSection
	GlobalSection(NestedProjects) = preSolution
		{C4D00A02-7646-4B0F-A1E8-6E32EECA404A} = {3C8179FC-093D-45D3-A92F-4AB64C2C8A81}
		{C8075FA3-87E2-4ECC-A24D-D62589930D31} = {3C8179FC-093D-45D3-A92F-4AB64C2C8A81}
		{C047BCCF-A7DF-4681-BF16-2906BE120657} = {3C8179FC-093D-45D3-A92F-4AB64C2C8A81}
		{27883666-32AA-447F-AA1F-6128B76FBEE8} = {B7FB5067-15AE-4A89-83B5-47314967E6CC}
		{ED113AD7-1B20-4B05-8961-9B701E51734C} = {B7FB5067-15AE-4A89-83B5-47314967E6CC}
		{15D7CE8C-A100-4D87-A1C2-D76339E78AD6} = {3C33BCBA-2B37-4284-9886-980DD13A87FE}
		{22ABB57B-64ED-42FC-A64D-D603A90CB81B} = {3C33BCBA-2B37-4284-9886-980DD13A87FE}
		{85E1B9CD-3435-4591-BC66-29FBEC2C67A3} = {3C33BCBA-2B37-4284-9886-980DD13A87FE}
		{6EFDE80B-7C86-483A-A7B2-73DBA84D28CD} = {3C33BCBA-2B37-4284-9886-980DD13A87FE}
		{0E039414-2A2E-48B4-8DB7-C4346106FA68} = {B7FB5067-15AE-4A89-83B5-47314967E6CC}
		{88868FE1-D3D6-4EA1-BD97-27CB5859C00A} = {6521CF52-B160-45A7-A185-FB3BCE4A34D2}
		{636311A8-0485-4953-841E-35CA27EEA436} = {3BCB9416-6758-434E-9F81-67AE6DB4E087}
		{C165E6A0-DD43-4AA1-94B1-D4BF5420A80D} = {B7FB5067-15AE-4A89-83B5-47314967E6CC}
		{D2F78AE2-3125-44B8-8629-EC3C5BC6C46B} = {B7FB5067-15AE-4A89-83B5-47314967E6CC}
		{CD504748-DFA0-4EFB-8311-FE5317887AAA} = {C047BCCF-A7DF-4681-BF16-2906BE120657}
		{8BB39397-61EC-4A0C-B525-F8F077491564} = {C047BCCF-A7DF-4681-BF16-2906BE120657}
		{5634EE61-8DA3-4345-A3EB-FBF5EC89E913} = {C047BCCF-A7DF-4681-BF16-2906BE120657}
		{1317C932-E16C-47E8-A2E3-2A0F881AE42D} = {6521CF52-B160-45A7-A185-FB3BCE4A34D2}
		{35113A75-CF4B-4EF7-8444-1E3C6F9D61C9} = {C047BCCF-A7DF-4681-BF16-2906BE120657}
		{EBEC6AEF-5054-4A01-B516-42148A4F0858} = {C047BCCF-A7DF-4681-BF16-2906BE120657}
		{07512FBE-69F4-44E3-B2C7-812992040930} = {C4D00A02-7646-4B0F-A1E8-6E32EECA404A}
		{3D5A935D-8563-4535-BE9F-701E068A6897} = {C4D00A02-7646-4B0F-A1E8-6E32EECA404A}
		{28D06C14-41ED-4D4C-A221-D7B3A785640E} = {3BCB9416-6758-434E-9F81-67AE6DB4E087}
		{9C11CAE5-5188-4E71-825B-68FC3135728A} = {3BCB9416-6758-434E-9F81-67AE6DB4E087}
		{DC473934-369D-4808-9454-C22456F6D9A7} = {C047BCCF-A7DF-4681-BF16-2906BE120657}
		{EC691C59-681A-405E-93CB-4FE65D1A3DB4} = {3BCB9416-6758-434E-9F81-67AE6DB4E087}
		{ADF5736D-21F9-423A-8C88-B5E8A309B797} = {6521CF52-B160-45A7-A185-FB3BCE4A34D2}
		{D5A77DBE-0CB3-44F7-939D-B54A497B7EF5} = {6521CF52-B160-45A7-A185-FB3BCE4A34D2}
		{B20AB3A3-42E1-4B4E-8EB1-E29E86C41529} = {6521CF52-B160-45A7-A185-FB3BCE4A34D2}
		{27871C52-CACA-4ECA-BBA8-6866022C8D91} = {3BCB9416-6758-434E-9F81-67AE6DB4E087}
		{259E83DA-5441-4911-B284-D524201329FC} = {3BCB9416-6758-434E-9F81-67AE6DB4E087}
		{86FCA40D-88CD-4CA0-8218-107704CA76FD} = {3BCB9416-6758-434E-9F81-67AE6DB4E087}
		{267D89D9-E18D-401E-885C-27DB42D257F3} = {C047BCCF-A7DF-4681-BF16-2906BE120657}
		{D9937EA4-955F-41ED-B032-6D0961DC0322} = {6521CF52-B160-45A7-A185-FB3BCE4A34D2}
		{1EA1FEEA-CCD8-419A-B143-A8311DC8A1E1} = {C4D00A02-7646-4B0F-A1E8-6E32EECA404A}
		{134EAA41-F2FE-498C-ABA4-AFDBD749FBB7} = {6521CF52-B160-45A7-A185-FB3BCE4A34D2}
		{5D319FE7-2758-4A61-99DF-FDF033AD4A8B} = {3BCB9416-6758-434E-9F81-67AE6DB4E087}
	EndGlobalSection
	GlobalSection(ExtensibilityGlobals) = postSolution
		SolutionGuid = {7679AC8E-76C6-48FD-923B-B6DD2F49F3B2}
	EndGlobalSection
EndGlobal
