
Microsoft Visual Studio Solution File, Format Version 12.00
# Visual Studio 14
VisualStudioVersion = 14.0.25420.1
MinimumVisualStudioVersion = 10.0.40219.1
Project("{2150E333-8FDC-42A3-9474-1A3956D46DE8}") = "General", "General", "{942C28E6-22AE-402F-AAF3-C936AC252164}"
	ProjectSection(SolutionItems) = preProject
		AssemblyInfo.cs = AssemblyInfo.cs
		readme.txt = readme.txt
	EndProjectSection
EndProject
Project("{2150E333-8FDC-42A3-9474-1A3956D46DE8}") = "Lumos", "Lumos", "{B7FB5067-15AE-4A89-83B5-47314967E6CC}"
EndProject
Project("{2150E333-8FDC-42A3-9474-1A3956D46DE8}") = "UI", "UI", "{3C8179FC-093D-45D3-A92F-4AB64C2C8A81}"
EndProject
Project("{2150E333-8FDC-42A3-9474-1A3956D46DE8}") = "Console", "Console", "{C4D00A02-7646-4B0F-A1E8-6E32EECA404A}"
EndProject
Project("{2150E333-8FDC-42A3-9474-1A3956D46DE8}") = "Test", "Test", "{6521CF52-B160-45A7-A185-FB3BCE4A34D2}"
EndProject
Project("{2150E333-8FDC-42A3-9474-1A3956D46DE8}") = "WebSite", "WebSite", "{C8075FA3-87E2-4ECC-A24D-D62589930D31}"
EndProject
Project("{2150E333-8FDC-42A3-9474-1A3956D46DE8}") = "WebApi", "WebApi", "{C047BCCF-A7DF-4681-BF16-2906BE120657}"
EndProject
Project("{FAE04EC0-301F-11D3-BF4B-00C04F79EFBC}") = "Lumos", "Lumos\Lumos.csproj", "{27883666-32AA-447F-AA1F-6128B76FBEE8}"
EndProject
Project("{FAE04EC0-301F-11D3-BF4B-00C04F79EFBC}") = "Lumos.Web", "Lumos.Web\Lumos.Web.csproj", "{ED113AD7-1B20-4B05-8961-9B701E51734C}"
EndProject
Project("{2150E333-8FDC-42A3-9474-1A3956D46DE8}") = "LocalS", "LocalS", "{3C33BCBA-2B37-4284-9886-980DD13A87FE}"
EndProject
Project("{FAE04EC0-301F-11D3-BF4B-00C04F79EFBC}") = "LocalS.BLL", "LocalS.BLL\LocalS.BLL.csproj", "{15D7CE8C-A100-4D87-A1C2-D76339E78AD6}"
EndProject
Project("{FAE04EC0-301F-11D3-BF4B-00C04F79EFBC}") = "LocalS.DAL", "LocalS.DAL\LocalS.DAL.csproj", "{22ABB57B-64ED-42FC-A64D-D603A90CB81B}"
EndProject
Project("{FAE04EC0-301F-11D3-BF4B-00C04F79EFBC}") = "LocalS.Entity", "LocalS.Entity\LocalS.Entity.csproj", "{85E1B9CD-3435-4591-BC66-29FBEC2C67A3}"
EndProject
Project("{FAE04EC0-301F-11D3-BF4B-00C04F79EFBC}") = "LocalS.Service", "LocalS.Service\LocalS.Service.csproj", "{6EFDE80B-7C86-483A-A7B2-73DBA84D28CD}"
EndProject
Project("{FAE04EC0-301F-11D3-BF4B-00C04F79EFBC}") = "WebApiInsApp", "WebApiInsApp\WebApiInsApp.csproj", "{E1173D8D-CD59-4230-9D51-D87F0187D7B7}"
EndProject
Project("{FAE04EC0-301F-11D3-BF4B-00C04F79EFBC}") = "Lumos.DbRelay", "Lumos.DAL\Lumos.DbRelay.csproj", "{0E039414-2A2E-48B4-8DB7-C4346106FA68}"
EndProject
Project("{2150E333-8FDC-42A3-9474-1A3956D46DE8}") = "SDK", "SDK", "{3BCB9416-6758-434E-9F81-67AE6DB4E087}"
EndProject
Project("{FAE04EC0-301F-11D3-BF4B-00C04F79EFBC}") = "YsyInscarSdk", "YsyInscarSdk\YsyInscarSdk.csproj", "{91995D89-4F55-4A39-B9BB-290D2331BBBB}"
EndProject
Project("{FAE04EC0-301F-11D3-BF4B-00C04F79EFBC}") = "Test", "Test\Test.csproj", "{88868FE1-D3D6-4EA1-BD97-27CB5859C00A}"
EndProject
Project("{FAE04EC0-301F-11D3-BF4B-00C04F79EFBC}") = "WeiXinSdk", "WeiXinSdk\WeiXinSdk.csproj", "{636311A8-0485-4953-841E-35CA27EEA436}"
EndProject
Project("{FAE04EC0-301F-11D3-BF4B-00C04F79EFBC}") = "Lumos.Redis", "Lumos.Redis\Lumos.Redis.csproj", "{C165E6A0-DD43-4AA1-94B1-D4BF5420A80D}"
EndProject
Project("{FAE04EC0-301F-11D3-BF4B-00C04F79EFBC}") = "Lumos.Session", "Lumos.Session\Lumos.Session.csproj", "{D2F78AE2-3125-44B8-8629-EC3C5BC6C46B}"
EndProject
Project("{FAE04EC0-301F-11D3-BF4B-00C04F79EFBC}") = "WebApiAccount", "WebApiAccount\WebApiAccount.csproj", "{CD504748-DFA0-4EFB-8311-FE5317887AAA}"
EndProject
Project("{FAE04EC0-301F-11D3-BF4B-00C04F79EFBC}") = "WebApiAdmin", "WebApiAdmin\WebApiAdmin.csproj", "{8BB39397-61EC-4A0C-B525-F8F077491564}"
EndProject
Project("{FAE04EC0-301F-11D3-BF4B-00C04F79EFBC}") = "WebApiAgent", "WebApiAgent\WebApiAgent.csproj", "{267D89D9-E18D-401E-885C-27DB42D257F3}"
EndProject
Project("{FAE04EC0-301F-11D3-BF4B-00C04F79EFBC}") = "WebApiMerch", "WebApiMerch\WebApiMerch.csproj", "{5634EE61-8DA3-4345-A3EB-FBF5EC89E913}"
EndProject
Global
	GlobalSection(SolutionConfigurationPlatforms) = preSolution
		Debug|Any CPU = Debug|Any CPU
		Release|Any CPU = Release|Any CPU
	EndGlobalSection
	GlobalSection(ProjectConfigurationPlatforms) = postSolution
		{27883666-32AA-447F-AA1F-6128B76FBEE8}.Debug|Any CPU.ActiveCfg = Debug|Any CPU
		{27883666-32AA-447F-AA1F-6128B76FBEE8}.Debug|Any CPU.Build.0 = Debug|Any CPU
		{27883666-32AA-447F-AA1F-6128B76FBEE8}.Release|Any CPU.ActiveCfg = Release|Any CPU
		{27883666-32AA-447F-AA1F-6128B76FBEE8}.Release|Any CPU.Build.0 = Release|Any CPU
		{ED113AD7-1B20-4B05-8961-9B701E51734C}.Debug|Any CPU.ActiveCfg = Debug|Any CPU
		{ED113AD7-1B20-4B05-8961-9B701E51734C}.Debug|Any CPU.Build.0 = Debug|Any CPU
		{ED113AD7-1B20-4B05-8961-9B701E51734C}.Release|Any CPU.ActiveCfg = Release|Any CPU
		{ED113AD7-1B20-4B05-8961-9B701E51734C}.Release|Any CPU.Build.0 = Release|Any CPU
		{15D7CE8C-A100-4D87-A1C2-D76339E78AD6}.Debug|Any CPU.ActiveCfg = Debug|Any CPU
		{15D7CE8C-A100-4D87-A1C2-D76339E78AD6}.Debug|Any CPU.Build.0 = Debug|Any CPU
		{15D7CE8C-A100-4D87-A1C2-D76339E78AD6}.Release|Any CPU.ActiveCfg = Release|Any CPU
		{15D7CE8C-A100-4D87-A1C2-D76339E78AD6}.Release|Any CPU.Build.0 = Release|Any CPU
		{22ABB57B-64ED-42FC-A64D-D603A90CB81B}.Debug|Any CPU.ActiveCfg = Debug|Any CPU
		{22ABB57B-64ED-42FC-A64D-D603A90CB81B}.Debug|Any CPU.Build.0 = Debug|Any CPU
		{22ABB57B-64ED-42FC-A64D-D603A90CB81B}.Release|Any CPU.ActiveCfg = Release|Any CPU
		{22ABB57B-64ED-42FC-A64D-D603A90CB81B}.Release|Any CPU.Build.0 = Release|Any CPU
		{85E1B9CD-3435-4591-BC66-29FBEC2C67A3}.Debug|Any CPU.ActiveCfg = Debug|Any CPU
		{85E1B9CD-3435-4591-BC66-29FBEC2C67A3}.Debug|Any CPU.Build.0 = Debug|Any CPU
		{85E1B9CD-3435-4591-BC66-29FBEC2C67A3}.Release|Any CPU.ActiveCfg = Release|Any CPU
		{85E1B9CD-3435-4591-BC66-29FBEC2C67A3}.Release|Any CPU.Build.0 = Release|Any CPU
		{6EFDE80B-7C86-483A-A7B2-73DBA84D28CD}.Debug|Any CPU.ActiveCfg = Debug|Any CPU
		{6EFDE80B-7C86-483A-A7B2-73DBA84D28CD}.Debug|Any CPU.Build.0 = Debug|Any CPU
		{6EFDE80B-7C86-483A-A7B2-73DBA84D28CD}.Release|Any CPU.ActiveCfg = Release|Any CPU
		{6EFDE80B-7C86-483A-A7B2-73DBA84D28CD}.Release|Any CPU.Build.0 = Release|Any CPU
		{E1173D8D-CD59-4230-9D51-D87F0187D7B7}.Debug|Any CPU.ActiveCfg = Debug|Any CPU
		{E1173D8D-CD59-4230-9D51-D87F0187D7B7}.Debug|Any CPU.Build.0 = Debug|Any CPU
		{E1173D8D-CD59-4230-9D51-D87F0187D7B7}.Release|Any CPU.ActiveCfg = Release|Any CPU
		{E1173D8D-CD59-4230-9D51-D87F0187D7B7}.Release|Any CPU.Build.0 = Release|Any CPU
		{0E039414-2A2E-48B4-8DB7-C4346106FA68}.Debug|Any CPU.ActiveCfg = Debug|Any CPU
		{0E039414-2A2E-48B4-8DB7-C4346106FA68}.Debug|Any CPU.Build.0 = Debug|Any CPU
		{0E039414-2A2E-48B4-8DB7-C4346106FA68}.Release|Any CPU.ActiveCfg = Release|Any CPU
		{0E039414-2A2E-48B4-8DB7-C4346106FA68}.Release|Any CPU.Build.0 = Release|Any CPU
		{91995D89-4F55-4A39-B9BB-290D2331BBBB}.Debug|Any CPU.ActiveCfg = Debug|Any CPU
		{91995D89-4F55-4A39-B9BB-290D2331BBBB}.Debug|Any CPU.Build.0 = Debug|Any CPU
		{91995D89-4F55-4A39-B9BB-290D2331BBBB}.Release|Any CPU.ActiveCfg = Release|Any CPU
		{91995D89-4F55-4A39-B9BB-290D2331BBBB}.Release|Any CPU.Build.0 = Release|Any CPU
		{88868FE1-D3D6-4EA1-BD97-27CB5859C00A}.Debug|Any CPU.ActiveCfg = Debug|Any CPU
		{88868FE1-D3D6-4EA1-BD97-27CB5859C00A}.Debug|Any CPU.Build.0 = Debug|Any CPU
		{88868FE1-D3D6-4EA1-BD97-27CB5859C00A}.Release|Any CPU.ActiveCfg = Release|Any CPU
		{88868FE1-D3D6-4EA1-BD97-27CB5859C00A}.Release|Any CPU.Build.0 = Release|Any CPU
		{636311A8-0485-4953-841E-35CA27EEA436}.Debug|Any CPU.ActiveCfg = Debug|Any CPU
		{636311A8-0485-4953-841E-35CA27EEA436}.Debug|Any CPU.Build.0 = Debug|Any CPU
		{636311A8-0485-4953-841E-35CA27EEA436}.Release|Any CPU.ActiveCfg = Release|Any CPU
		{636311A8-0485-4953-841E-35CA27EEA436}.Release|Any CPU.Build.0 = Release|Any CPU
		{C165E6A0-DD43-4AA1-94B1-D4BF5420A80D}.Debug|Any CPU.ActiveCfg = Debug|Any CPU
		{C165E6A0-DD43-4AA1-94B1-D4BF5420A80D}.Debug|Any CPU.Build.0 = Debug|Any CPU
		{C165E6A0-DD43-4AA1-94B1-D4BF5420A80D}.Release|Any CPU.ActiveCfg = Release|Any CPU
		{C165E6A0-DD43-4AA1-94B1-D4BF5420A80D}.Release|Any CPU.Build.0 = Release|Any CPU
		{D2F78AE2-3125-44B8-8629-EC3C5BC6C46B}.Debug|Any CPU.ActiveCfg = Debug|Any CPU
		{D2F78AE2-3125-44B8-8629-EC3C5BC6C46B}.Debug|Any CPU.Build.0 = Debug|Any CPU
		{D2F78AE2-3125-44B8-8629-EC3C5BC6C46B}.Release|Any CPU.ActiveCfg = Release|Any CPU
		{D2F78AE2-3125-44B8-8629-EC3C5BC6C46B}.Release|Any CPU.Build.0 = Release|Any CPU
		{CD504748-DFA0-4EFB-8311-FE5317887AAA}.Debug|Any CPU.ActiveCfg = Debug|Any CPU
		{CD504748-DFA0-4EFB-8311-FE5317887AAA}.Debug|Any CPU.Build.0 = Debug|Any CPU
		{CD504748-DFA0-4EFB-8311-FE5317887AAA}.Release|Any CPU.ActiveCfg = Release|Any CPU
		{CD504748-DFA0-4EFB-8311-FE5317887AAA}.Release|Any CPU.Build.0 = Release|Any CPU
		{8BB39397-61EC-4A0C-B525-F8F077491564}.Debug|Any CPU.ActiveCfg = Debug|Any CPU
		{8BB39397-61EC-4A0C-B525-F8F077491564}.Debug|Any CPU.Build.0 = Debug|Any CPU
		{8BB39397-61EC-4A0C-B525-F8F077491564}.Release|Any CPU.ActiveCfg = Release|Any CPU
		{8BB39397-61EC-4A0C-B525-F8F077491564}.Release|Any CPU.Build.0 = Release|Any CPU
		{267D89D9-E18D-401E-885C-27DB42D257F3}.Debug|Any CPU.ActiveCfg = Debug|Any CPU
		{267D89D9-E18D-401E-885C-27DB42D257F3}.Debug|Any CPU.Build.0 = Debug|Any CPU
		{267D89D9-E18D-401E-885C-27DB42D257F3}.Release|Any CPU.ActiveCfg = Release|Any CPU
		{267D89D9-E18D-401E-885C-27DB42D257F3}.Release|Any CPU.Build.0 = Release|Any CPU
		{5634EE61-8DA3-4345-A3EB-FBF5EC89E913}.Debug|Any CPU.ActiveCfg = Debug|Any CPU
		{5634EE61-8DA3-4345-A3EB-FBF5EC89E913}.Debug|Any CPU.Build.0 = Debug|Any CPU
		{5634EE61-8DA3-4345-A3EB-FBF5EC89E913}.Release|Any CPU.ActiveCfg = Release|Any CPU
		{5634EE61-8DA3-4345-A3EB-FBF5EC89E913}.Release|Any CPU.Build.0 = Release|Any CPU
	EndGlobalSection
	GlobalSection(SolutionProperties) = preSolution
		HideSolutionNode = FALSE
	EndGlobalSection
	GlobalSection(NestedProjects) = preSolution
		{C4D00A02-7646-4B0F-A1E8-6E32EECA404A} = {3C8179FC-093D-45D3-A92F-4AB64C2C8A81}
		{C8075FA3-87E2-4ECC-A24D-D62589930D31} = {3C8179FC-093D-45D3-A92F-4AB64C2C8A81}
		{C047BCCF-A7DF-4681-BF16-2906BE120657} = {3C8179FC-093D-45D3-A92F-4AB64C2C8A81}
		{27883666-32AA-447F-AA1F-6128B76FBEE8} = {B7FB5067-15AE-4A89-83B5-47314967E6CC}
		{ED113AD7-1B20-4B05-8961-9B701E51734C} = {B7FB5067-15AE-4A89-83B5-47314967E6CC}
		{15D7CE8C-A100-4D87-A1C2-D76339E78AD6} = {3C33BCBA-2B37-4284-9886-980DD13A87FE}
		{22ABB57B-64ED-42FC-A64D-D603A90CB81B} = {3C33BCBA-2B37-4284-9886-980DD13A87FE}
		{85E1B9CD-3435-4591-BC66-29FBEC2C67A3} = {3C33BCBA-2B37-4284-9886-980DD13A87FE}
		{6EFDE80B-7C86-483A-A7B2-73DBA84D28CD} = {3C33BCBA-2B37-4284-9886-980DD13A87FE}
		{E1173D8D-CD59-4230-9D51-D87F0187D7B7} = {C047BCCF-A7DF-4681-BF16-2906BE120657}
		{0E039414-2A2E-48B4-8DB7-C4346106FA68} = {B7FB5067-15AE-4A89-83B5-47314967E6CC}
		{91995D89-4F55-4A39-B9BB-290D2331BBBB} = {3BCB9416-6758-434E-9F81-67AE6DB4E087}
		{88868FE1-D3D6-4EA1-BD97-27CB5859C00A} = {C4D00A02-7646-4B0F-A1E8-6E32EECA404A}
		{636311A8-0485-4953-841E-35CA27EEA436} = {3BCB9416-6758-434E-9F81-67AE6DB4E087}
		{C165E6A0-DD43-4AA1-94B1-D4BF5420A80D} = {B7FB5067-15AE-4A89-83B5-47314967E6CC}
		{D2F78AE2-3125-44B8-8629-EC3C5BC6C46B} = {B7FB5067-15AE-4A89-83B5-47314967E6CC}
		{CD504748-DFA0-4EFB-8311-FE5317887AAA} = {C047BCCF-A7DF-4681-BF16-2906BE120657}
		{8BB39397-61EC-4A0C-B525-F8F077491564} = {C047BCCF-A7DF-4681-BF16-2906BE120657}
		{267D89D9-E18D-401E-885C-27DB42D257F3} = {C047BCCF-A7DF-4681-BF16-2906BE120657}
		{5634EE61-8DA3-4345-A3EB-FBF5EC89E913} = {C047BCCF-A7DF-4681-BF16-2906BE120657}
	EndGlobalSection
	GlobalSection(ExtensibilityGlobals) = postSolution
		SolutionGuid = {7679AC8E-76C6-48FD-923B-B6DD2F49F3B2}
	EndGlobalSection
EndGlobal
